
Microsoft Visual Studio Solution File, Format Version 12.00
# Visual Studio Version 16
VisualStudioVersion = 16.0.29409.12
MinimumVisualStudioVersion = 10.0.40219.1
Project("{8BC9CEB8-8B4A-11D0-8D11-00A0C91BC942}") = "test_AudioEncoder", "test_AudioEncoder\test_AudioEncoder.vcxproj", "{C79057D8-5267-43B4-B418-9A561ADF8ACE}"
EndProject
Global
	GlobalSection(SolutionConfigurationPlatforms) = preSolution
		Debug|x64 = Debug|x64
		Debug|x86 = Debug|x86
		Release|x64 = Release|x64
		Release|x86 = Release|x86
	EndGlobalSection
	GlobalSection(ProjectConfigurationPlatforms) = postSolution
		{C79057D8-5267-43B4-B418-9A561ADF8ACE}.Debug|x64.ActiveCfg = Debug|x64
		{C79057D8-5267-43B4-B418-9A561ADF8ACE}.Debug|x64.Build.0 = Debug|x64
		{C79057D8-5267-43B4-B418-9A561ADF8ACE}.Debug|x86.ActiveCfg = Debug|Win32
		{C79057D8-5267-43B4-B418-9A561ADF8ACE}.Debug|x86.Build.0 = Debug|Win32
		{C79057D8-5267-43B4-B418-9A561ADF8ACE}.Release|x64.ActiveCfg = Release|x64
		{C79057D8-5267-43B4-B418-9A561ADF8ACE}.Release|x64.Build.0 = Release|x64
		{C79057D8-5267-43B4-B418-9A561ADF8ACE}.Release|x86.ActiveCfg = Release|Win32
		{C79057D8-5267-43B4-B418-9A561ADF8ACE}.Release|x86.Build.0 = Release|Win32
	EndGlobalSection
	GlobalSection(SolutionProperties) = preSolution
		HideSolutionNode = FALSE
	EndGlobalSection
	GlobalSection(ExtensibilityGlobals) = postSolution
		SolutionGuid = {F4003BE4-6806-48D8-908A-A58259C151F7}
	EndGlobalSection
EndGlobal
